
Microsoft Visual Studio Solution File, Format Version 12.00
# Visual Studio Version 17
VisualStudioVersion = 17.3.32929.385
MinimumVisualStudioVersion = 10.0.40219.1
Project("{FAE04EC0-301F-11D3-BF4B-00C04F79EFBC}") = "HW20", "HW20.csproj", "{778A7CC7-6AA0-4435-8FAF-F8ECBDB5923E}"
EndProject
Global
	GlobalSection(SolutionConfigurationPlatforms) = preSolution
		Debug|Any CPU = Debug|Any CPU
		Release|Any CPU = Release|Any CPU
	EndGlobalSection
	GlobalSection(ProjectConfigurationPlatforms) = postSolution
		{778A7CC7-6AA0-4435-8FAF-F8ECBDB5923E}.Debug|Any CPU.ActiveCfg = Debug|Any CPU
		{778A7CC7-6AA0-4435-8FAF-F8ECBDB5923E}.Debug|Any CPU.Build.0 = Debug|Any CPU
		{778A7CC7-6AA0-4435-8FAF-F8ECBDB5923E}.Release|Any CPU.ActiveCfg = Release|Any CPU
		{778A7CC7-6AA0-4435-8FAF-F8ECBDB5923E}.Release|Any CPU.Build.0 = Release|Any CPU
	EndGlobalSection
	GlobalSection(SolutionProperties) = preSolution
		HideSolutionNode = FALSE
	EndGlobalSection
	GlobalSection(ExtensibilityGlobals) = postSolution
		SolutionGuid = {B20F23C2-F7EA-4ECE-A17C-DB113A5C17D0}
	EndGlobalSection
EndGlobal
